dependencies:
- name: argo-cd
  repository: https://argoproj.github.io/argo-helm
  version: 9.5.20
- name: cert-manager
  repository: https://charts.jetstack.io
  version: v1.20.2
- name: coredns
  repository: https://coredns.github.io/helm
  version: 1.46.0
- name: base
  repository: https://istio-release.storage.googleapis.com/charts
  version: 1.30.1
- name: istiod
  repository: https://istio-release.storage.googleapis.com/charts
  version: 1.30.1
- name: gateway
  repository: https://istio-release.storage.googleapis.com/charts
  version: 1.30.1
- name: metrics-server
  repository: https://kubernetes-sigs.github.io/metrics-server/
  version: 3.13.0
- name: openfaas
  repository: https://openfaas.github.io/faas-netes/
  version: 15.0.6
- name: pihole
  repository: https://mojo2600.github.io/pihole-kubernetes/
  version: 2.35.0
- name: traefik
  repository: https://traefik.github.io/charts
  version: 40.2.0
digest: sha256:1d51407149ca4086b9229d6529d7812dcd049362d074237a278fe7fd9ad3c323
generated: "2026-06-17T03:04:00.293546854Z"
