dependencies:
- name: argo-cd
  repository: https://argoproj.github.io/argo-helm
  version: 10.1.3
- name: cert-manager
  repository: https://charts.jetstack.io
  version: v1.21.0
- name: coredns
  repository: https://coredns.github.io/helm
  version: 1.46.1
- name: base
  repository: https://istio-release.storage.googleapis.com/charts
  version: 1.30.2
- name: istiod
  repository: https://istio-release.storage.googleapis.com/charts
  version: 1.30.2
- name: gateway
  repository: https://istio-release.storage.googleapis.com/charts
  version: 1.30.2
- name: metrics-server
  repository: https://kubernetes-sigs.github.io/metrics-server/
  version: 3.13.1
- name: openfaas
  repository: https://openfaas.github.io/faas-netes/
  version: 15.0.9
- name: pihole
  repository: https://mojo2600.github.io/pihole-kubernetes/
  version: 2.37.0
- name: traefik
  repository: https://traefik.github.io/charts
  version: 41.0.2
digest: sha256:f6f2c0d3732de872418e2dfee8fb16da7741dfb763ae03679a31e032a9f389fc
generated: "2026-07-26T14:07:01.451665751Z"
