dependencies:
- name: argo-cd
  repository: https://argoproj.github.io/argo-helm
  version: 9.1.10
- name: cert-manager
  repository: https://charts.jetstack.io
  version: v1.19.2
- name: coredns
  repository: https://coredns.github.io/helm
  version: 1.45.0
- name: base
  repository: https://istio-release.storage.googleapis.com/charts
  version: 1.28.2
- name: istiod
  repository: https://istio-release.storage.googleapis.com/charts
  version: 1.28.2
- name: gateway
  repository: https://istio-release.storage.googleapis.com/charts
  version: 1.28.2
- name: metrics-server
  repository: https://kubernetes-sigs.github.io/metrics-server/
  version: 3.13.0
- name: openfaas
  repository: https://openfaas.github.io/faas-netes/
  version: 14.2.132
- name: pihole
  repository: https://mojo2600.github.io/pihole-kubernetes/
  version: 2.35.0
- name: traefik
  repository: https://traefik.github.io/charts
  version: 37.4.0
digest: sha256:2092cac12777e081a4317e0b7444a504ed74d422b16eac714fcd474db5a64023
generated: "2026-01-04T12:44:44.213063932Z"
